
Microsoft Visual Studio Solution File, Format Version 12.00
# Visual Studio 15
VisualStudioVersion = 15.0.28010.2036
MinimumVisualStudioVersion = 10.0.40219.1
Project("{FAE04EC0-301F-11D3-BF4B-00C04F79EFBC}") = "ImagePharser", "ImagePharser\ImagePharser.csproj", "{39CD67EB-CC7A-48FB-8786-8E0E89E7D203}"
EndProject
Global
	GlobalSection(SolutionConfigurationPlatforms) = preSolution
		Debug|Any CPU = Debug|Any CPU
		Release|Any CPU = Release|Any CPU
	EndGlobalSection
	GlobalSection(ProjectConfigurationPlatforms) = postSolution
		{39CD67EB-CC7A-48FB-8786-8E0E89E7D203}.Debug|Any CPU.ActiveCfg = Debug|Any CPU
		{39CD67EB-CC7A-48FB-8786-8E0E89E7D203}.Debug|Any CPU.Build.0 = Debug|Any CPU
		{39CD67EB-CC7A-48FB-8786-8E0E89E7D203}.Release|Any CPU.ActiveCfg = Release|Any CPU
		{39CD67EB-CC7A-48FB-8786-8E0E89E7D203}.Release|Any CPU.Build.0 = Release|Any CPU
	EndGlobalSection
	GlobalSection(SolutionProperties) = preSolution
		HideSolutionNode = FALSE
	EndGlobalSection
	GlobalSection(ExtensibilityGlobals) = postSolution
		SolutionGuid = {947FB9C4-F492-4681-8230-A518F8336351}
	EndGlobalSection
EndGlobal
